
Microsoft Visual Studio Solution File, Format Version 12.00
# Visual Studio Version 17
VisualStudioVersion = 17.14.36518.9 d17.14
MinimumVisualStudioVersion = 10.0.40219.1
Project("{FAE04EC0-301F-11D3-BF4B-00C04F79EFBC}") = "AlloyCalculator", "AlloyCalculator\AlloyCalculator.csproj", "{D438CD09-1561-4623-9DEA-ECBDA539C3F4}"
EndProject
Project("{FAE04EC0-301F-11D3-BF4B-00C04F79EFBC}") = "CakeBuild", "ZZCakeBuild\CakeBuild.csproj", "{FA8F5D69-756E-40D3-82B8-3CFB7F5B038C}"
EndProject
Global
	GlobalSection(SolutionConfigurationPlatforms) = preSolution
		Debug|Any CPU = Debug|Any CPU
		Release|Any CPU = Release|Any CPU
	EndGlobalSection
	GlobalSection(ProjectConfigurationPlatforms) = postSolution
		{D438CD09-1561-4623-9DEA-ECBDA539C3F4}.Debug|Any CPU.ActiveCfg = Debug|Any CPU
		{D438CD09-1561-4623-9DEA-ECBDA539C3F4}.Debug|Any CPU.Build.0 = Debug|Any CPU
		{D438CD09-1561-4623-9DEA-ECBDA539C3F4}.Release|Any CPU.ActiveCfg = Release|Any CPU
		{D438CD09-1561-4623-9DEA-ECBDA539C3F4}.Release|Any CPU.Build.0 = Release|Any CPU
		{FA8F5D69-756E-40D3-82B8-3CFB7F5B038C}.Debug|Any CPU.ActiveCfg = Debug|Any CPU
		{FA8F5D69-756E-40D3-82B8-3CFB7F5B038C}.Debug|Any CPU.Build.0 = Debug|Any CPU
		{FA8F5D69-756E-40D3-82B8-3CFB7F5B038C}.Release|Any CPU.ActiveCfg = Release|Any CPU
		{FA8F5D69-756E-40D3-82B8-3CFB7F5B038C}.Release|Any CPU.Build.0 = Release|Any CPU
	EndGlobalSection
	GlobalSection(SolutionProperties) = preSolution
		HideSolutionNode = FALSE
	EndGlobalSection
	GlobalSection(ExtensibilityGlobals) = postSolution
		SolutionGuid = {7F9B5225-DA55-4C16-812E-9F63DA18D71E}
	EndGlobalSection
EndGlobal
